
Microsoft Visual Studio Solution File, Format Version 12.00
# Visual Studio Version 17
VisualStudioVersion = 17.0.31903.59
MinimumVisualStudioVersion = 10.0.40219.1
Project("{FAE04EC0-301F-11D3-BF4B-00C04F79EFBC}") = "API", "API\API.csproj", "{914DD75A-C4DE-492D-95E4-7A43725D3A19}"
EndProject
Project("{FAE04EC0-301F-11D3-BF4B-00C04F79EFBC}") = "Application", "Application\Application.csproj", "{6F50F42C-8C41-473D-BCB4-35B01DE622CA}"
EndProject
Project("{FAE04EC0-301F-11D3-BF4B-00C04F79EFBC}") = "Domain", "Domain\Domain.csproj", "{7F7B07ED-A608-45FC-B8DE-6DEC2698D931}"
EndProject
Project("{FAE04EC0-301F-11D3-BF4B-00C04F79EFBC}") = "Persistence", "Persistence\Persistence.csproj", "{C3B25D0F-A54A-48A9-91DF-87B20F1A1FBE}"
EndProject
Global
	GlobalSection(SolutionConfigurationPlatforms) = preSolution
		Debug|Any CPU = Debug|Any CPU
		Release|Any CPU = Release|Any CPU
	EndGlobalSection
	GlobalSection(SolutionProperties) = preSolution
		HideSolutionNode = FALSE
	EndGlobalSection
	GlobalSection(ProjectConfigurationPlatforms) = postSolution
		{914DD75A-C4DE-492D-95E4-7A43725D3A19}.Debug|Any CPU.ActiveCfg = Debug|Any CPU
		{914DD75A-C4DE-492D-95E4-7A43725D3A19}.Debug|Any CPU.Build.0 = Debug|Any CPU
		{914DD75A-C4DE-492D-95E4-7A43725D3A19}.Release|Any CPU.ActiveCfg = Release|Any CPU
		{914DD75A-C4DE-492D-95E4-7A43725D3A19}.Release|Any CPU.Build.0 = Release|Any CPU
		{6F50F42C-8C41-473D-BCB4-35B01DE622CA}.Debug|Any CPU.ActiveCfg = Debug|Any CPU
		{6F50F42C-8C41-473D-BCB4-35B01DE622CA}.Debug|Any CPU.Build.0 = Debug|Any CPU
		{6F50F42C-8C41-473D-BCB4-35B01DE622CA}.Release|Any CPU.ActiveCfg = Release|Any CPU
		{6F50F42C-8C41-473D-BCB4-35B01DE622CA}.Release|Any CPU.Build.0 = Release|Any CPU
		{7F7B07ED-A608-45FC-B8DE-6DEC2698D931}.Debug|Any CPU.ActiveCfg = Debug|Any CPU
		{7F7B07ED-A608-45FC-B8DE-6DEC2698D931}.Debug|Any CPU.Build.0 = Debug|Any CPU
		{7F7B07ED-A608-45FC-B8DE-6DEC2698D931}.Release|Any CPU.ActiveCfg = Release|Any CPU
		{7F7B07ED-A608-45FC-B8DE-6DEC2698D931}.Release|Any CPU.Build.0 = Release|Any CPU
		{C3B25D0F-A54A-48A9-91DF-87B20F1A1FBE}.Debug|Any CPU.ActiveCfg = Debug|Any CPU
		{C3B25D0F-A54A-48A9-91DF-87B20F1A1FBE}.Debug|Any CPU.Build.0 = Debug|Any CPU
		{C3B25D0F-A54A-48A9-91DF-87B20F1A1FBE}.Release|Any CPU.ActiveCfg = Release|Any CPU
		{C3B25D0F-A54A-48A9-91DF-87B20F1A1FBE}.Release|Any CPU.Build.0 = Release|Any CPU
	EndGlobalSection
EndGlobal
